
Microsoft Visual Studio Solution File, Format Version 12.00
# Visual Studio Version 17
VisualStudioVersion = 17.8.34408.163
MinimumVisualStudioVersion = 10.0.40219.1
Project("{FAE04EC0-301F-11D3-BF4B-00C04F79EFBC}") = "Seyed", "Seyed\Seyed.csproj", "{71803E26-C5B1-4037-B083-6B2D1B147090}"
EndProject
Global
	GlobalSection(SolutionConfigurationPlatforms) = preSolution
		Debug|Any CPU = Debug|Any CPU
		Release|Any CPU = Release|Any CPU
	EndGlobalSection
	GlobalSection(ProjectConfigurationPlatforms) = postSolution
		{71803E26-C5B1-4037-B083-6B2D1B147090}.Debug|Any CPU.ActiveCfg = Debug|Any CPU
		{71803E26-C5B1-4037-B083-6B2D1B147090}.Debug|Any CPU.Build.0 = Debug|Any CPU
		{71803E26-C5B1-4037-B083-6B2D1B147090}.Release|Any CPU.ActiveCfg = Release|Any CPU
		{71803E26-C5B1-4037-B083-6B2D1B147090}.Release|Any CPU.Build.0 = Release|Any CPU
	EndGlobalSection
	GlobalSection(SolutionProperties) = preSolution
		HideSolutionNode = FALSE
	EndGlobalSection
	GlobalSection(ExtensibilityGlobals) = postSolution
		SolutionGuid = {5FBE7385-CC2B-4D68-A18F-BEBC3D9F4607}
	EndGlobalSection
EndGlobal
